// !$*UTF8*$!
{
	archiveVersion = 1;
	classes = {
	};
	objectVersion = 51;
	objects = {

/* Begin PBXBuildFile section */
		3E4776DD261A944A002AA368 /* AppDelegate.swift in Sources */ = {isa = PBXBuildFile; fileRef = 3E4776DC261A944A002AA368 /* AppDelegate.swift */; };
		3E4776DF261A944B002AA368 /* ViewController.swift in Sources */ = {isa = PBXBuildFile; fileRef = 3E4776DE261A944B002AA368 /* ViewController.swift */; };
		3E4776E2261A944B002AA368 /* Main.storyboard in Resources */ = {isa = PBXBuildFile; fileRef = 3E4776E0261A944B002AA368 /* Main.storyboard */; };
		3E4776E4261A944D002AA368 /* Assets.xcassets in Resources */ = {isa = PBXBuildFile; fileRef = 3E4776E3261A944D002AA368 /* Assets.xcassets */; };
		3E4776E7261A944D002AA368 /* LaunchScreen.storyboard in Resources */ = {isa = PBXBuildFile; fileRef = 3E4776E5261A944D002AA368 /* LaunchScreen.storyboard */; };
		3E4776F2261A944D002AA368 /* SmartGardenTests.swift in Sources */ = {isa = PBXBuildFile; fileRef = 3E4776F1261A944D002AA368 /* SmartGardenTests.swift */; };
		3E4776FD261A944D002AA368 /* SmartGardenUITests.swift in Sources */ = {isa = PBXBuildFile; fileRef = 3E4776FC261A944D002AA368 /* SmartGardenUITests.swift */; };
		3E477710261A96DF002AA368 /* image 5.png in Resources */ = {isa = PBXBuildFile; fileRef = 3E47770A261A96DF002AA368 /* image 5.png */; };
		3E477711261A96DF002AA368 /* image 8.png in Resources */ = {isa = PBXBuildFile; fileRef = 3E47770B261A96DF002AA368 /* image 8.png */; };
		3E477712261A96DF002AA368 /* image 12.png in Resources */ = {isa = PBXBuildFile; fileRef = 3E47770C261A96DF002AA368 /* image 12.png */; };
		3E477713261A96DF002AA368 /* image 7.png in Resources */ = {isa = PBXBuildFile; fileRef = 3E47770D261A96DF002AA368 /* image 7.png */; };
		3E477714261A96DF002AA368 /* image 4.png in Resources */ = {isa = PBXBuildFile; fileRef = 3E47770E261A96DF002AA368 /* image 4.png */; };
		3E477715261A96DF002AA368 /* image 1.png in Resources */ = {isa = PBXBuildFile; fileRef = 3E47770F261A96DF002AA368 /* image 1.png */; };
		3E47771F261AA9A9002AA368 /* bkg_sign.png in Resources */ = {isa = PBXBuildFile; fileRef = 3E477718261AA9A8002AA368 /* bkg_sign.png */; };
		3E477720261AA9A9002AA368 /* edit.png in Resources */ = {isa = PBXBuildFile; fileRef = 3E477719261AA9A8002AA368 /* edit.png */; };
		3E477721261AA9A9002AA368 /* view.png in Resources */ = {isa = PBXBuildFile; fileRef = 3E47771A261AA9A8002AA368 /* view.png */; };
		3E477722261AA9A9002AA368 /* pass.png in Resources */ = {isa = PBXBuildFile; fileRef = 3E47771B261AA9A8002AA368 /* pass.png */; };
		3E477723261AA9A9002AA368 /* help.png in Resources */ = {isa = PBXBuildFile; fileRef = 3E47771C261AA9A8002AA368 /* help.png */; };
		3E477724261AA9A9002AA368 /* mail.png in Resources */ = {isa = PBXBuildFile; fileRef = 3E47771D261AA9A9002AA368 /* mail.png */; };
		3E477725261AA9A9002AA368 /* profile.png in Resources */ = {isa = PBXBuildFile; fileRef = 3E47771E261AA9A9002AA368 /* profile.png */; };
		3E6EFAA72628FAD4009A15A7 /* Gardens.swift in Sources */ = {isa = PBXBuildFile; fileRef = 3E6EFAA62628FAD4009A15A7 /* Gardens.swift */; };
		3E6EFAA926290CA3009A15A7 /* NewGardenViewController.swift in Sources */ = {isa = PBXBuildFile; fileRef = 3E6EFAA826290CA3009A15A7 /* NewGardenViewController.swift */; };
		3E9CF7C72625027600011AFF /* Extensions.swift in Sources */ = {isa = PBXBuildFile; fileRef = 3E9CF7C62625027600011AFF /* Extensions.swift */; };
		3E9CF7CB26254DDA00011AFF /* User.swift in Sources */ = {isa = PBXBuildFile; fileRef = 3E9CF7CA26254DDA00011AFF /* User.swift */; };
		3E9F90C72625E57C00F9B9C3 /* App.swift in Sources */ = {isa = PBXBuildFile; fileRef = 3E9F90C62625E57C00F9B9C3 /* App.swift */; };
		3E9F90C9262610E200F9B9C3 /* Auth.swift in Sources */ = {isa = PBXBuildFile; fileRef = 3E9F90C8262610E200F9B9C3 /* Auth.swift */; };
		3EA3C7E92626792F00C759F5 /* HTTPRequests.swift in Sources */ = {isa = PBXBuildFile; fileRef = 3EA3C7E82626792F00C759F5 /* HTTPRequests.swift */; };
		3EA3C7EB26267D7C00C759F5 /* exit.png in Resources */ = {isa = PBXBuildFile; fileRef = 3EA3C7EA26267D7C00C759F5 /* exit.png */; };
		3EA3C7ED2628A5FB00C759F5 /* UserLogged.swift in Sources */ = {isa = PBXBuildFile; fileRef = 3EA3C7EC2628A5FB00C759F5 /* UserLogged.swift */; };
		3EB74BC5261E613300AF0066 /* UsViewController.swift in Sources */ = {isa = PBXBuildFile; fileRef = 3EB74BC4261E613300AF0066 /* UsViewController.swift */; };
		3EB74BC7261E617C00AF0066 /* ProfileViewController.swift in Sources */ = {isa = PBXBuildFile; fileRef = 3EB74BC6261E617C00AF0066 /* ProfileViewController.swift */; };
		3EC31E0A261FBA920004510B /* filter-512 3.png in Resources */ = {isa = PBXBuildFile; fileRef = 3EC31E09261FBA910004510B /* filter-512 3.png */; };
		3EC91AD4261D291F00B5A490 /* e_Nexus_logo 1.png in Resources */ = {isa = PBXBuildFile; fileRef = 3EC91AD3261D291F00B5A490 /* e_Nexus_logo 1.png */; };
		3ECB0831261EA035009DA834 /* maceta 1.png in Resources */ = {isa = PBXBuildFile; fileRef = 3ECB082F261EA034009DA834 /* maceta 1.png */; };
		3ECB0832261EA035009DA834 /* Screenshot_1.png in Resources */ = {isa = PBXBuildFile; fileRef = 3ECB0830261EA035009DA834 /* Screenshot_1.png */; };
		3ECB0836261EA17E009DA834 /* termometro 1.png in Resources */ = {isa = PBXBuildFile; fileRef = 3ECB0833261EA17D009DA834 /* termometro 1.png */; };
		3ECB0837261EA17E009DA834 /* soltar 1.png in Resources */ = {isa = PBXBuildFile; fileRef = 3ECB0834261EA17D009DA834 /* soltar 1.png */; };
		3ECB0838261EA17E009DA834 /* Screenshot_1.png in Resources */ = {isa = PBXBuildFile; fileRef = 3ECB0835261EA17D009DA834 /* Screenshot_1.png */; };
		3ECB083D261EA5F8009DA834 /* camerab 1.png in Resources */ = {isa = PBXBuildFile; fileRef = 3ECB0839261EA5F6009DA834 /* camerab 1.png */; };
		3ECB083E261EA5F8009DA834 /* rega 1.png in Resources */ = {isa = PBXBuildFile; fileRef = 3ECB083A261EA5F7009DA834 /* rega 1.png */; };
		3ECB083F261EA5F8009DA834 /* foco 1.png in Resources */ = {isa = PBXBuildFile; fileRef = 3ECB083B261EA5F7009DA834 /* foco 1.png */; };
		3ECB0840261EA5F8009DA834 /* historyy 1.png in Resources */ = {isa = PBXBuildFile; fileRef = 3ECB083C261EA5F7009DA834 /* historyy 1.png */; };
		3EDE26532623C41C00606B96 /* Main.storyboard in Resources */ = {isa = PBXBuildFile; fileRef = 3E4776E0261A944B002AA368 /* Main.storyboard */; };
		3EDE26542623C41E00606B96 /* Main.storyboard in Resources */ = {isa = PBXBuildFile; fileRef = 3E4776E0261A944B002AA368 /* Main.storyboard */; };
		3EE8C44A261CE191005E110E /* GardensViewController.swift in Sources */ = {isa = PBXBuildFile; fileRef = 3EE8C449261CE191005E110E /* GardensViewController.swift */; };
		3EE8C44C261D0BB0005E110E /* hamburguermenu.png in Resources */ = {isa = PBXBuildFile; fileRef = 3EE8C44B261D0BAF005E110E /* hamburguermenu.png */; };
		3EE8C44E261D15AF005E110E /* PlantsViewController.swift in Sources */ = {isa = PBXBuildFile; fileRef = 3EE8C44D261D15AF005E110E /* PlantsViewController.swift */; };
		3EF9CCCF261BC7A4001E6ABD /* LoginViewController.swift in Sources */ = {isa = PBXBuildFile; fileRef = 3EF9CCCE261BC7A4001E6ABD /* LoginViewController.swift */; };
		3EF9CCD1261BC7DC001E6ABD /* RegisterViewController.swift in Sources */ = {isa = PBXBuildFile; fileRef = 3EF9CCD0261BC7DC001E6ABD /* RegisterViewController.swift */; };
		58785AA40FAB49B8E8141EE9 /* Pods_SmartGarden.framework in Frameworks */ = {isa = PBXBuildFile; fileRef = 52BDC880986605C116B4CFC3 /* Pods_SmartGarden.framework */; settings = {ATTRIBUTES = (Required, ); }; };
/* End PBXBuildFile section */

/* Begin PBXContainerItemProxy section */
		3E4776EE261A944D002AA368 /* PBXContainerItemProxy */ = {
			isa = PBXContainerItemProxy;
			containerPortal = 3E4776D1261A944A002AA368 /* Project object */;
			proxyType = 1;
			remoteGlobalIDString = 3E4776D8261A944A002AA368;
			remoteInfo = SmartGarden;
		};
		3E4776F9261A944D002AA368 /* PBXContainerItemProxy */ = {
			isa = PBXContainerItemProxy;
			containerPortal = 3E4776D1261A944A002AA368 /* Project object */;
			proxyType = 1;
			remoteGlobalIDString = 3E4776D8261A944A002AA368;
			remoteInfo = SmartGarden;
		};
/* End PBXContainerItemProxy section */

/* Begin PBXFileReference section */
		0FDE699DE0D5EC4C949601A4 /* Pods-SmartGarden.debug.xcconfig */ = {isa = PBXFileReference; includeInIndex = 1; lastKnownFileType = text.xcconfig; name = "Pods-SmartGarden.debug.xcconfig"; path = "Target Support Files/Pods-SmartGarden/Pods-SmartGarden.debug.xcconfig"; sourceTree = "<group>"; };
		3E4776D9261A944A002AA368 /* SmartGarden.app */ = {isa = PBXFileReference; explicitFileType = wrapper.application; includeInIndex = 0; path = SmartGarden.app; sourceTree = BUILT_PRODUCTS_DIR; };
		3E4776DC261A944A002AA368 /* AppDelegate.swift */ = {isa = PBXFileReference; lastKnownFileType = sourcecode.swift; path = AppDelegate.swift; sourceTree = "<group>"; };
		3E4776DE261A944B002AA368 /* ViewController.swift */ = {isa = PBXFileReference; lastKnownFileType = sourcecode.swift; path = ViewController.swift; sourceTree = "<group>"; };
		3E4776E1261A944B002AA368 /* Base */ = {isa = PBXFileReference; lastKnownFileType = file.storyboard; name = Base; path = Base.lproj/Main.storyboard; sourceTree = "<group>"; };
		3E4776E3261A944D002AA368 /* Assets.xcassets */ = {isa = PBXFileReference; lastKnownFileType = folder.assetcatalog; path = Assets.xcassets; sourceTree = "<group>"; };
		3E4776E6261A944D002AA368 /* Base */ = {isa = PBXFileReference; lastKnownFileType = file.storyboard; name = Base; path = Base.lproj/LaunchScreen.storyboard; sourceTree = "<group>"; };
		3E4776E8261A944D002AA368 /* Info.plist */ = {isa = PBXFileReference; lastKnownFileType = text.plist.xml; path = Info.plist; sourceTree = "<group>"; };
		3E4776ED261A944D002AA368 /* SmartGardenTests.xctest */ = {isa = PBXFileReference; explicitFileType = wrapper.cfbundle; includeInIndex = 0; path = SmartGardenTests.xctest; sourceTree = BUILT_PRODUCTS_DIR; };
		3E4776F1261A944D002AA368 /* SmartGardenTests.swift */ = {isa = PBXFileReference; lastKnownFileType = sourcecode.swift; path = SmartGardenTests.swift; sourceTree = "<group>"; };
		3E4776F3261A944D002AA368 /* Info.plist */ = {isa = PBXFileReference; lastKnownFileType = text.plist.xml; path = Info.plist; sourceTree = "<group>"; };
		3E4776F8261A944D002AA368 /* SmartGardenUITests.xctest */ = {isa = PBXFileReference; explicitFileType = wrapper.cfbundle; includeInIndex = 0; path = SmartGardenUITests.xctest; sourceTree = BUILT_PRODUCTS_DIR; };
		3E4776FC261A944D002AA368 /* SmartGardenUITests.swift */ = {isa = PBXFileReference; lastKnownFileType = sourcecode.swift; path = SmartGardenUITests.swift; sourceTree = "<group>"; };
		3E4776FE261A944D002AA368 /* Info.plist */ = {isa = PBXFileReference; lastKnownFileType = text.plist.xml; path = Info.plist; sourceTree = "<group>"; };
		3E47770A261A96DF002AA368 /* image 5.png */ = {isa = PBXFileReference; lastKnownFileType = image.png; path = "image 5.png"; sourceTree = "<group>"; };
		3E47770B261A96DF002AA368 /* image 8.png */ = {isa = PBXFileReference; lastKnownFileType = image.png; path = "image 8.png"; sourceTree = "<group>"; };
		3E47770C261A96DF002AA368 /* image 12.png */ = {isa = PBXFileReference; lastKnownFileType = image.png; path = "image 12.png"; sourceTree = "<group>"; };
		3E47770D261A96DF002AA368 /* image 7.png */ = {isa = PBXFileReference; lastKnownFileType = image.png; path = "image 7.png"; sourceTree = "<group>"; };
		3E47770E261A96DF002AA368 /* image 4.png */ = {isa = PBXFileReference; lastKnownFileType = image.png; path = "image 4.png"; sourceTree = "<group>"; };
		3E47770F261A96DF002AA368 /* image 1.png */ = {isa = PBXFileReference; lastKnownFileType = image.png; path = "image 1.png"; sourceTree = "<group>"; };
		3E477718261AA9A8002AA368 /* bkg_sign.png */ = {isa = PBXFileReference; lastKnownFileType = image.png; path = bkg_sign.png; sourceTree = "<group>"; };
		3E477719261AA9A8002AA368 /* edit.png */ = {isa = PBXFileReference; lastKnownFileType = image.png; path = edit.png; sourceTree = "<group>"; };
		3E47771A261AA9A8002AA368 /* view.png */ = {isa = PBXFileReference; lastKnownFileType = image.png; path = view.png; sourceTree = "<group>"; };
		3E47771B261AA9A8002AA368 /* pass.png */ = {isa = PBXFileReference; lastKnownFileType = image.png; path = pass.png; sourceTree = "<group>"; };
		3E47771C261AA9A8002AA368 /* help.png */ = {isa = PBXFileReference; lastKnownFileType = image.png; path = help.png; sourceTree = "<group>"; };
		3E47771D261AA9A9002AA368 /* mail.png */ = {isa = PBXFileReference; lastKnownFileType = image.png; path = mail.png; sourceTree = "<group>"; };
		3E47771E261AA9A9002AA368 /* profile.png */ = {isa = PBXFileReference; lastKnownFileType = image.png; path = profile.png; sourceTree = "<group>"; };
		3E6EFAA62628FAD4009A15A7 /* Gardens.swift */ = {isa = PBXFileReference; lastKnownFileType = sourcecode.swift; path = Gardens.swift; sourceTree = "<group>"; };
		3E6EFAA826290CA3009A15A7 /* NewGardenViewController.swift */ = {isa = PBXFileReference; lastKnownFileType = sourcecode.swift; path = NewGardenViewController.swift; sourceTree = "<group>"; };
		3E9CF7C62625027600011AFF /* Extensions.swift */ = {isa = PBXFileReference; lastKnownFileType = sourcecode.swift; path = Extensions.swift; sourceTree = "<group>"; };
		3E9CF7CA26254DDA00011AFF /* User.swift */ = {isa = PBXFileReference; lastKnownFileType = sourcecode.swift; path = User.swift; sourceTree = "<group>"; };
		3E9F90C62625E57C00F9B9C3 /* App.swift */ = {isa = PBXFileReference; lastKnownFileType = sourcecode.swift; path = App.swift; sourceTree = "<group>"; };
		3E9F90C8262610E200F9B9C3 /* Auth.swift */ = {isa = PBXFileReference; lastKnownFileType = sourcecode.swift; path = Auth.swift; sourceTree = "<group>"; };
		3EA3C7E82626792F00C759F5 /* HTTPRequests.swift */ = {isa = PBXFileReference; lastKnownFileType = sourcecode.swift; path = HTTPRequests.swift; sourceTree = "<group>"; };
		3EA3C7EA26267D7C00C759F5 /* exit.png */ = {isa = PBXFileReference; lastKnownFileType = image.png; path = exit.png; sourceTree = "<group>"; };
		3EA3C7EC2628A5FB00C759F5 /* UserLogged.swift */ = {isa = PBXFileReference; lastKnownFileType = sourcecode.swift; path = UserLogged.swift; sourceTree = "<group>"; };
		3EB74BC4261E613300AF0066 /* UsViewController.swift */ = {isa = PBXFileReference; lastKnownFileType = sourcecode.swift; path = UsViewController.swift; sourceTree = "<group>"; };
		3EB74BC6261E617C00AF0066 /* ProfileViewController.swift */ = {isa = PBXFileReference; lastKnownFileType = sourcecode.swift; path = ProfileViewController.swift; sourceTree = "<group>"; };
		3EC31E09261FBA910004510B /* filter-512 3.png */ = {isa = PBXFileReference; lastKnownFileType = image.png; path = "filter-512 3.png"; sourceTree = "<group>"; };
		3EC91AD3261D291F00B5A490 /* e_Nexus_logo 1.png */ = {isa = PBXFileReference; lastKnownFileType = image.png; name = "e_Nexus_logo 1.png"; path = "../../../Resources/e_Nexus_logo 1.png"; sourceTree = "<group>"; };
		3ECB082F261EA034009DA834 /* maceta 1.png */ = {isa = PBXFileReference; lastKnownFileType = image.png; name = "maceta 1.png"; path = "../../../App_Design_Copy/maceta 1.png"; sourceTree = "<group>"; };
		3ECB0830261EA035009DA834 /* Screenshot_1.png */ = {isa = PBXFileReference; lastKnownFileType = image.png; name = Screenshot_1.png; path = ../../../App_Design_Copy/Screenshot_1.png; sourceTree = "<group>"; };
		3ECB0833261EA17D009DA834 /* termometro 1.png */ = {isa = PBXFileReference; lastKnownFileType = image.png; name = "termometro 1.png"; path = "../../../App_Design_Copy/termometro 1.png"; sourceTree = "<group>"; };
		3ECB0834261EA17D009DA834 /* soltar 1.png */ = {isa = PBXFileReference; lastKnownFileType = image.png; name = "soltar 1.png"; path = "../../../App_Design_Copy/soltar 1.png"; sourceTree = "<group>"; };
		3ECB0835261EA17D009DA834 /* Screenshot_1.png */ = {isa = PBXFileReference; lastKnownFileType = image.png; name = Screenshot_1.png; path = ../../../App_Design_Copy/Screenshot_1.png; sourceTree = "<group>"; };
		3ECB0839261EA5F6009DA834 /* camerab 1.png */ = {isa = PBXFileReference; lastKnownFileType = image.png; path = "camerab 1.png"; sourceTree = "<group>"; };
		3ECB083A261EA5F7009DA834 /* rega 1.png */ = {isa = PBXFileReference; lastKnownFileType = image.png; path = "rega 1.png"; sourceTree = "<group>"; };
		3ECB083B261EA5F7009DA834 /* foco 1.png */ = {isa = PBXFileReference; lastKnownFileType = image.png; path = "foco 1.png"; sourceTree = "<group>"; };
		3ECB083C261EA5F7009DA834 /* historyy 1.png */ = {isa = PBXFileReference; lastKnownFileType = image.png; path = "historyy 1.png"; sourceTree = "<group>"; };
		3EE8C449261CE191005E110E /* GardensViewController.swift */ = {isa = PBXFileReference; lastKnownFileType = sourcecode.swift; path = GardensViewController.swift; sourceTree = "<group>"; };
		3EE8C44B261D0BAF005E110E /* hamburguermenu.png */ = {isa = PBXFileReference; lastKnownFileType = image.png; path = hamburguermenu.png; sourceTree = "<group>"; };
		3EE8C44D261D15AF005E110E /* PlantsViewController.swift */ = {isa = PBXFileReference; lastKnownFileType = sourcecode.swift; path = PlantsViewController.swift; sourceTree = "<group>"; };
		3EF9CCCE261BC7A4001E6ABD /* LoginViewController.swift */ = {isa = PBXFileReference; lastKnownFileType = sourcecode.swift; path = LoginViewController.swift; sourceTree = "<group>"; };
		3EF9CCD0261BC7DC001E6ABD /* RegisterViewController.swift */ = {isa = PBXFileReference; lastKnownFileType = sourcecode.swift; path = RegisterViewController.swift; sourceTree = "<group>"; };
		52BDC880986605C116B4CFC3 /* Pods_SmartGarden.framework */ = {isa = PBXFileReference; explicitFileType = wrapper.framework; includeInIndex = 0; path = Pods_SmartGarden.framework; sourceTree = BUILT_PRODUCTS_DIR; };
		82C85564B9DE6D99019502DA /* Pods-SmartGarden.release.xcconfig */ = {isa = PBXFileReference; includeInIndex = 1; lastKnownFileType = text.xcconfig; name = "Pods-SmartGarden.release.xcconfig"; path = "Target Support Files/Pods-SmartGarden/Pods-SmartGarden.release.xcconfig"; sourceTree = "<group>"; };
/* End PBXFileReference section */

/* Begin PBXFrameworksBuildPhase section */
		3E4776D6261A944A002AA368 /* Frameworks */ = {
			isa = PBXFrameworksBuildPhase;
			buildActionMask = 2147483647;
			files = (
				58785AA40FAB49B8E8141EE9 /* Pods_SmartGarden.framework in Frameworks */,
			);
			runOnlyForDeploymentPostprocessing = 0;
		};
		3E4776EA261A944D002AA368 /* Frameworks */ = {
			isa = PBXFrameworksBuildPhase;
			buildActionMask = 2147483647;
			files = (
			);
			runOnlyForDeploymentPostprocessing = 0;
		};
		3E4776F5261A944D002AA368 /* Frameworks */ = {
			isa = PBXFrameworksBuildPhase;
			buildActionMask = 2147483647;
			files = (
			);
			runOnlyForDeploymentPostprocessing = 0;
		};
/* End PBXFrameworksBuildPhase section */

/* Begin PBXGroup section */
		32A5D8FD8F2B8829E9082892 /* Pods */ = {
			isa = PBXGroup;
			children = (
				0FDE699DE0D5EC4C949601A4 /* Pods-SmartGarden.debug.xcconfig */,
				82C85564B9DE6D99019502DA /* Pods-SmartGarden.release.xcconfig */,
			);
			path = Pods;
			sourceTree = "<group>";
		};
		3E4776D0261A944A002AA368 = {
			isa = PBXGroup;
			children = (
				3E4776DB261A944A002AA368 /* SmartGarden */,
				3E4776F0261A944D002AA368 /* SmartGardenTests */,
				3E4776FB261A944D002AA368 /* SmartGardenUITests */,
				3E4776DA261A944A002AA368 /* Products */,
				32A5D8FD8F2B8829E9082892 /* Pods */,
				AD2F48F0649333212B8646A2 /* Frameworks */,
			);
			sourceTree = "<group>";
			usesTabs = 0;
		};
		3E4776DA261A944A002AA368 /* Products */ = {
			isa = PBXGroup;
			children = (
				3E4776D9261A944A002AA368 /* SmartGarden.app */,
				3E4776ED261A944D002AA368 /* SmartGardenTests.xctest */,
				3E4776F8261A944D002AA368 /* SmartGardenUITests.xctest */,
			);
			name = Products;
			sourceTree = "<group>";
		};
		3E4776DB261A944A002AA368 /* SmartGarden */ = {
			isa = PBXGroup;
			children = (
				3E9CF7C926254D8700011AFF /* Classes */,
				3EF9CCCD261BC778001E6ABD /* Controllers */,
				3E477716261A96F1002AA368 /* Resources */,
				3E4776DC261A944A002AA368 /* AppDelegate.swift */,
				3E4776DE261A944B002AA368 /* ViewController.swift */,
				3E4776E0261A944B002AA368 /* Main.storyboard */,
				3E4776E3261A944D002AA368 /* Assets.xcassets */,
				3E4776E5261A944D002AA368 /* LaunchScreen.storyboard */,
				3E4776E8261A944D002AA368 /* Info.plist */,
				3E9CF7C826254D7500011AFF /* Extensions */,
			);
			path = SmartGarden;
			sourceTree = "<group>";
		};
		3E4776F0261A944D002AA368 /* SmartGardenTests */ = {
			isa = PBXGroup;
			children = (
				3E4776F1261A944D002AA368 /* SmartGardenTests.swift */,
				3E4776F3261A944D002AA368 /* Info.plist */,
			);
			path = SmartGardenTests;
			sourceTree = "<group>";
		};
		3E4776FB261A944D002AA368 /* SmartGardenUITests */ = {
			isa = PBXGroup;
			children = (
				3E4776FC261A944D002AA368 /* SmartGardenUITests.swift */,
				3E4776FE261A944D002AA368 /* Info.plist */,
			);
			path = SmartGardenUITests;
			sourceTree = "<group>";
		};
		3E477716261A96F1002AA368 /* Resources */ = {
			isa = PBXGroup;
			children = (
				3EA3C7EA26267D7C00C759F5 /* exit.png */,
				3ECB0841261EA602009DA834 /* Buttons */,
				3ECB0835261EA17D009DA834 /* Screenshot_1.png */,
				3ECB0834261EA17D009DA834 /* soltar 1.png */,
				3ECB0833261EA17D009DA834 /* termometro 1.png */,
				3ECB082F261EA034009DA834 /* maceta 1.png */,
				3ECB0830261EA035009DA834 /* Screenshot_1.png */,
				3EC91AD3261D291F00B5A490 /* e_Nexus_logo 1.png */,
				3EE8C44B261D0BAF005E110E /* hamburguermenu.png */,
				3E477726261AA9B3002AA368 /* MainResources */,
				3E477717261A970B002AA368 /* Launch */,
				3E47770D261A96DF002AA368 /* image 7.png */,
				3E47770C261A96DF002AA368 /* image 12.png */,
				3E47770F261A96DF002AA368 /* image 1.png */,
				3E47770E261A96DF002AA368 /* image 4.png */,
				3E47770A261A96DF002AA368 /* image 5.png */,
			);
			path = Resources;
			sourceTree = "<group>";
		};
		3E477717261A970B002AA368 /* Launch */ = {
			isa = PBXGroup;
			children = (
				3E47770B261A96DF002AA368 /* image 8.png */,
			);
			path = Launch;
			sourceTree = "<group>";
		};
		3E477726261AA9B3002AA368 /* MainResources */ = {
			isa = PBXGroup;
			children = (
				3E47771D261AA9A9002AA368 /* mail.png */,
				3E47771B261AA9A8002AA368 /* pass.png */,
				3E47771E261AA9A9002AA368 /* profile.png */,
				3E47771A261AA9A8002AA368 /* view.png */,
				3E477718261AA9A8002AA368 /* bkg_sign.png */,
				3E477719261AA9A8002AA368 /* edit.png */,
				3E47771C261AA9A8002AA368 /* help.png */,
			);
			path = MainResources;
			sourceTree = "<group>";
		};
		3E9CF7C826254D7500011AFF /* Extensions */ = {
			isa = PBXGroup;
			children = (
				3E9CF7C62625027600011AFF /* Extensions.swift */,
			);
			path = Extensions;
			sourceTree = "<group>";
		};
		3E9CF7C926254D8700011AFF /* Classes */ = {
			isa = PBXGroup;
			children = (
				3E9CF7CA26254DDA00011AFF /* User.swift */,
				3E9F90C62625E57C00F9B9C3 /* App.swift */,
				3E9F90C8262610E200F9B9C3 /* Auth.swift */,
				3EA3C7E82626792F00C759F5 /* HTTPRequests.swift */,
				3EA3C7EC2628A5FB00C759F5 /* UserLogged.swift */,
				3E6EFAA62628FAD4009A15A7 /* Gardens.swift */,
			);
			path = Classes;
			sourceTree = "<group>";
		};
		3ECB0841261EA602009DA834 /* Buttons */ = {
			isa = PBXGroup;
			children = (
				3EC31E09261FBA910004510B /* filter-512 3.png */,
				3ECB083A261EA5F7009DA834 /* rega 1.png */,
				3ECB0839261EA5F6009DA834 /* camerab 1.png */,
				3ECB083B261EA5F7009DA834 /* foco 1.png */,
				3ECB083C261EA5F7009DA834 /* historyy 1.png */,
			);
			path = Buttons;
			sourceTree = "<group>";
		};
		3EF9CCCD261BC778001E6ABD /* Controllers */ = {
			isa = PBXGroup;
			children = (
				3EF9CCCE261BC7A4001E6ABD /* LoginViewController.swift */,
				3EF9CCD0261BC7DC001E6ABD /* RegisterViewController.swift */,
				3EE8C449261CE191005E110E /* GardensViewController.swift */,
				3EE8C44D261D15AF005E110E /* PlantsViewController.swift */,
				3EB74BC4261E613300AF0066 /* UsViewController.swift */,
				3EB74BC6261E617C00AF0066 /* ProfileViewController.swift */,
				3E6EFAA826290CA3009A15A7 /* NewGardenViewController.swift */,
			);
			path = Controllers;
			sourceTree = "<group>";
		};
		AD2F48F0649333212B8646A2 /* Frameworks */ = {
			isa = PBXGroup;
			children = (
				52BDC880986605C116B4CFC3 /* Pods_SmartGarden.framework */,
			);
			name = Frameworks;
			sourceTree = "<group>";
		};
/* End PBXGroup section */

/* Begin PBXNativeTarget section */
		3E4776D8261A944A002AA368 /* SmartGarden */ = {
			isa = PBXNativeTarget;
			buildConfigurationList = 3E477701261A944E002AA368 /* Build configuration list for PBXNativeTarget "SmartGarden" */;
			buildPhases = (
				391C3CEAA8C33212C5A5E4AD /* [CP] Check Pods Manifest.lock */,
				3E4776D5261A944A002AA368 /* Sources */,
				3E4776D6261A944A002AA368 /* Frameworks */,
				3E4776D7261A944A002AA368 /* Resources */,
				EB814FE0EA60D7230BCEE398 /* [CP] Embed Pods Frameworks */,
			);
			buildRules = (
			);
			dependencies = (
			);
			name = SmartGarden;
			productName = SmartGarden;
			productReference = 3E4776D9261A944A002AA368 /* SmartGarden.app */;
			productType = "com.apple.product-type.application";
		};
		3E4776EC261A944D002AA368 /* SmartGardenTests */ = {
			isa = PBXNativeTarget;
			buildConfigurationList = 3E477704261A944E002AA368 /* Build configuration list for PBXNativeTarget "SmartGardenTests" */;
			buildPhases = (
				3E4776E9261A944D002AA368 /* Sources */,
				3E4776EA261A944D002AA368 /* Frameworks */,
				3E4776EB261A944D002AA368 /* Resources */,
			);
			buildRules = (
			);
			dependencies = (
				3E4776EF261A944D002AA368 /* PBXTargetDependency */,
			);
			name = SmartGardenTests;
			productName = SmartGardenTests;
			productReference = 3E4776ED261A944D002AA368 /* SmartGardenTests.xctest */;
			productType = "com.apple.product-type.bundle.unit-test";
		};
		3E4776F7261A944D002AA368 /* SmartGardenUITests */ = {
			isa = PBXNativeTarget;
			buildConfigurationList = 3E477707261A944E002AA368 /* Build configuration list for PBXNativeTarget "SmartGardenUITests" */;
			buildPhases = (
				3E4776F4261A944D002AA368 /* Sources */,
				3E4776F5261A944D002AA368 /* Frameworks */,
				3E4776F6261A944D002AA368 /* Resources */,
			);
			buildRules = (
			);
			dependencies = (
				3E4776FA261A944D002AA368 /* PBXTargetDependency */,
			);
			name = SmartGardenUITests;
			productName = SmartGardenUITests;
			productReference = 3E4776F8261A944D002AA368 /* SmartGardenUITests.xctest */;
			productType = "com.apple.product-type.bundle.ui-testing";
		};
/* End PBXNativeTarget section */

/* Begin PBXProject section */
		3E4776D1261A944A002AA368 /* Project object */ = {
			isa = PBXProject;
			attributes = {
				LastSwiftUpdateCheck = 1020;
				LastUpgradeCheck = 1020;
				ORGANIZATIONNAME = "E-Nexus";
				TargetAttributes = {
					3E4776D8261A944A002AA368 = {
						CreatedOnToolsVersion = 10.2.1;
					};
					3E4776EC261A944D002AA368 = {
						CreatedOnToolsVersion = 10.2.1;
						TestTargetID = 3E4776D8261A944A002AA368;
					};
					3E4776F7261A944D002AA368 = {
						CreatedOnToolsVersion = 10.2.1;
						TestTargetID = 3E4776D8261A944A002AA368;
					};
				};
			};
			buildConfigurationList = 3E4776D4261A944A002AA368 /* Build configuration list for PBXProject "SmartGarden" */;
			compatibilityVersion = "Xcode 9.3";
			developmentRegion = en;
			hasScannedForEncodings = 0;
			knownRegions = (
				en,
				Base,
			);
			mainGroup = 3E4776D0261A944A002AA368;
			productRefGroup = 3E4776DA261A944A002AA368 /* Products */;
			projectDirPath = "";
			projectRoot = "";
			targets = (
				3E4776D8261A944A002AA368 /* SmartGarden */,
				3E4776EC261A944D002AA368 /* SmartGardenTests */,
				3E4776F7261A944D002AA368 /* SmartGardenUITests */,
			);
		};
/* End PBXProject section */

/* Begin PBXResourcesBuildPhase section */
		3E4776D7261A944A002AA368 /* Resources */ = {
			isa = PBXResourcesBuildPhase;
			buildActionMask = 2147483647;
			files = (
				3E4776E7261A944D002AA368 /* LaunchScreen.storyboard in Resources */,
				3E4776E4261A944D002AA368 /* Assets.xcassets in Resources */,
				3E477721261AA9A9002AA368 /* view.png in Resources */,
				3E477710261A96DF002AA368 /* image 5.png in Resources */,
				3E47771F261AA9A9002AA368 /* bkg_sign.png in Resources */,
				3ECB0837261EA17E009DA834 /* soltar 1.png in Resources */,
				3ECB0831261EA035009DA834 /* maceta 1.png in Resources */,
				3E477720261AA9A9002AA368 /* edit.png in Resources */,
				3E477723261AA9A9002AA368 /* help.png in Resources */,
				3E477713261A96DF002AA368 /* image 7.png in Resources */,
				3E477712261A96DF002AA368 /* image 12.png in Resources */,
				3E477715261A96DF002AA368 /* image 1.png in Resources */,
				3ECB0836261EA17E009DA834 /* termometro 1.png in Resources */,
				3ECB083F261EA5F8009DA834 /* foco 1.png in Resources */,
				3EE8C44C261D0BB0005E110E /* hamburguermenu.png in Resources */,
				3E477722261AA9A9002AA368 /* pass.png in Resources */,
				3ECB0832261EA035009DA834 /* Screenshot_1.png in Resources */,
				3ECB0840261EA5F8009DA834 /* historyy 1.png in Resources */,
				3EA3C7EB26267D7C00C759F5 /* exit.png in Resources */,
				3E477724261AA9A9002AA368 /* mail.png in Resources */,
				3E477714261A96DF002AA368 /* image 4.png in Resources */,
				3E4776E2261A944B002AA368 /* Main.storyboard in Resources */,
				3ECB083E261EA5F8009DA834 /* rega 1.png in Resources */,
				3EC91AD4261D291F00B5A490 /* e_Nexus_logo 1.png in Resources */,
				3ECB083D261EA5F8009DA834 /* camerab 1.png in Resources */,
				3ECB0838261EA17E009DA834 /* Screenshot_1.png in Resources */,
				3EC31E0A261FBA920004510B /* filter-512 3.png in Resources */,
				3E477711261A96DF002AA368 /* image 8.png in Resources */,
				3E477725261AA9A9002AA368 /* profile.png in Resources */,
			);
			runOnlyForDeploymentPostprocessing = 0;
		};
		3E4776EB261A944D002AA368 /* Resources */ = {
			isa = PBXResourcesBuildPhase;
			buildActionMask = 2147483647;
			files = (
				3EDE26542623C41E00606B96 /* Main.storyboard in Resources */,
			);
			runOnlyForDeploymentPostprocessing = 0;
		};
		3E4776F6261A944D002AA368 /* Resources */ = {
			isa = PBXResourcesBuildPhase;
			buildActionMask = 2147483647;
			files = (
				3EDE26532623C41C00606B96 /* Main.storyboard in Resources */,
			);
			runOnlyForDeploymentPostprocessing = 0;
		};
/* End PBXResourcesBuildPhase section */

/* Begin PBXShellScriptBuildPhase section */
		391C3CEAA8C33212C5A5E4AD /* [CP] Check Pods Manifest.lock */ = {
			isa = PBXShellScriptBuildPhase;
			buildActionMask = 2147483647;
			files = (
			);
			inputFileListPaths = (
			);
			inputPaths = (
				"${PODS_PODFILE_DIR_PATH}/Podfile.lock",
				"${PODS_ROOT}/Manifest.lock",
			);
			name = "[CP] Check Pods Manifest.lock";
			outputFileListPaths = (
			);
			outputPaths = (
				"$(DERIVED_FILE_DIR)/Pods-SmartGarden-checkManifestLockResult.txt",
			);
			runOnlyForDeploymentPostprocessing = 0;
			shellPath = /bin/sh;
			shellScript = "diff \"${PODS_PODFILE_DIR_PATH}/Podfile.lock\" \"${PODS_ROOT}/Manifest.lock\" > /dev/null\nif [ $? != 0 ] ; then\n    # print error to STDERR\n    echo \"error: The sandbox is not in sync with the Podfile.lock. Run 'pod install' or update your CocoaPods installation.\" >&2\n    exit 1\nfi\n# This output is used by Xcode 'outputs' to avoid re-running this script phase.\necho \"SUCCESS\" > \"${SCRIPT_OUTPUT_FILE_0}\"\n";
			showEnvVarsInLog = 0;
		};
		EB814FE0EA60D7230BCEE398 /* [CP] Embed Pods Frameworks */ = {
			isa = PBXShellScriptBuildPhase;
			buildActionMask = 2147483647;
			files = (
			);
			inputFileListPaths = (
				"${PODS_ROOT}/Target Support Files/Pods-SmartGarden/Pods-SmartGarden-frameworks-${CONFIGURATION}-input-files.xcfilelist",
			);
			name = "[CP] Embed Pods Frameworks";
			outputFileListPaths = (
				"${PODS_ROOT}/Target Support Files/Pods-SmartGarden/Pods-SmartGarden-frameworks-${CONFIGURATION}-output-files.xcfilelist",
			);
			runOnlyForDeploymentPostprocessing = 0;
			shellPath = /bin/sh;
			shellScript = "\"${PODS_ROOT}/Target Support Files/Pods-SmartGarden/Pods-SmartGarden-frameworks.sh\"\n";
			showEnvVarsInLog = 0;
		};
/* End PBXShellScriptBuildPhase section */

/* Begin PBXSourcesBuildPhase section */
		3E4776D5261A944A002AA368 /* Sources */ = {
			isa = PBXSourcesBuildPhase;
			buildActionMask = 2147483647;
			files = (
				3EE8C44A261CE191005E110E /* GardensViewController.swift in Sources */,
				3E9CF7C72625027600011AFF /* Extensions.swift in Sources */,
				3E6EFAA926290CA3009A15A7 /* NewGardenViewController.swift in Sources */,
				3E9F90C72625E57C00F9B9C3 /* App.swift in Sources */,
				3E6EFAA72628FAD4009A15A7 /* Gardens.swift in Sources */,
				3EF9CCCF261BC7A4001E6ABD /* LoginViewController.swift in Sources */,
				3E4776DF261A944B002AA368 /* ViewController.swift in Sources */,
				3EB74BC5261E613300AF0066 /* UsViewController.swift in Sources */,
				3E4776DD261A944A002AA368 /* AppDelegate.swift in Sources */,
				3EE8C44E261D15AF005E110E /* PlantsViewController.swift in Sources */,
				3EA3C7ED2628A5FB00C759F5 /* UserLogged.swift in Sources */,
				3EA3C7E92626792F00C759F5 /* HTTPRequests.swift in Sources */,
				3EB74BC7261E617C00AF0066 /* ProfileViewController.swift in Sources */,
				3E9CF7CB26254DDA00011AFF /* User.swift in Sources */,
				3EF9CCD1261BC7DC001E6ABD /* RegisterViewController.swift in Sources */,
				3E9F90C9262610E200F9B9C3 /* Auth.swift in Sources */,
			);
			runOnlyForDeploymentPostprocessing = 0;
		};
		3E4776E9261A944D002AA368 /* Sources */ = {
			isa = PBXSourcesBuildPhase;
			buildActionMask = 2147483647;
			files = (
				3E4776F2261A944D002AA368 /* SmartGardenTests.swift in Sources */,
			);
			runOnlyForDeploymentPostprocessing = 0;
		};
		3E4776F4261A944D002AA368 /* Sources */ = {
			isa = PBXSourcesBuildPhase;
			buildActionMask = 2147483647;
			files = (
				3E4776FD261A944D002AA368 /* SmartGardenUITests.swift in Sources */,
			);
			runOnlyForDeploymentPostprocessing = 0;
		};
/* End PBXSourcesBuildPhase section */

/* Begin PBXTargetDependency section */
		3E4776EF261A944D002AA368 /* PBXTargetDependency */ = {
			isa = PBXTargetDependency;
			target = 3E4776D8261A944A002AA368 /* SmartGarden */;
			targetProxy = 3E4776EE261A944D002AA368 /* PBXContainerItemProxy */;
		};
		3E4776FA261A944D002AA368 /* PBXTargetDependency */ = {
			isa = PBXTargetDependency;
			target = 3E4776D8261A944A002AA368 /* SmartGarden */;
			targetProxy = 3E4776F9261A944D002AA368 /* PBXContainerItemProxy */;
		};
/* End PBXTargetDependency section */

/* Begin PBXVariantGroup section */
		3E4776E0261A944B002AA368 /* Main.storyboard */ = {
			isa = PBXVariantGroup;
			children = (
				3E4776E1261A944B002AA368 /* Base */,
			);
			name = Main.storyboard;
			sourceTree = "<group>";
		};
		3E4776E5261A944D002AA368 /* LaunchScreen.storyboard */ = {
			isa = PBXVariantGroup;
			children = (
				3E4776E6261A944D002AA368 /* Base */,
			);
			name = LaunchScreen.storyboard;
			sourceTree = "<group>";
		};
/* End PBXVariantGroup section */

/* Begin XCBuildConfiguration section */
		3E4776FF261A944E002AA368 /* Debug */ = {
			isa = XCBuildConfiguration;
			buildSettings = {
				ALWAYS_SEARCH_USER_PATHS = NO;
				CLANG_ANALYZER_NONNULL = YES;
				CLANG_ANALYZER_NUMBER_OBJECT_CONVERSION = YES_AGGRESSIVE;
				CLANG_CXX_LANGUAGE_STANDARD = "gnu++14";
				CLANG_CXX_LIBRARY = "libc++";
				CLANG_ENABLE_MODULES = YES;
				CLANG_ENABLE_OBJC_ARC = YES;
				CLANG_ENABLE_OBJC_WEAK = YES;
				CLANG_WARN_BLOCK_CAPTURE_AUTORELEASING = YES;
				CLANG_WARN_BOOL_CONVERSION = YES;
				CLANG_WARN_COMMA = YES;
				CLANG_WARN_CONSTANT_CONVERSION = YES;
				CLANG_WARN_DEPRECATED_OBJC_IMPLEMENTATIONS = YES;
				CLANG_WARN_DIRECT_OBJC_ISA_USAGE = YES_ERROR;
				CLANG_WARN_DOCUMENTATION_COMMENTS = YES;
				CLANG_WARN_EMPTY_BODY = YES;
				CLANG_WARN_ENUM_CONVERSION = YES;
				CLANG_WARN_INFINITE_RECURSION = YES;
				CLANG_WARN_INT_CONVERSION = YES;
				CLANG_WARN_NON_LITERAL_NULL_CONVERSION = YES;
				CLANG_WARN_OBJC_IMPLICIT_RETAIN_SELF = YES;
				CLANG_WARN_OBJC_LITERAL_CONVERSION = YES;
				CLANG_WARN_OBJC_ROOT_CLASS = YES_ERROR;
				CLANG_WARN_RANGE_LOOP_ANALYSIS = YES;
				CLANG_WARN_STRICT_PROTOTYPES = YES;
				CLANG_WARN_SUSPICIOUS_MOVE = YES;
				CLANG_WARN_UNGUARDED_AVAILABILITY = YES_AGGRESSIVE;
				CLANG_WARN_UNREACHABLE_CODE = YES;
				CLANG_WARN__DUPLICATE_METHOD_MATCH = YES;
				CODE_SIGN_IDENTITY = "iPhone Developer";
				COPY_PHASE_STRIP = NO;
				DEBUG_INFORMATION_FORMAT = dwarf;
				ENABLE_STRICT_OBJC_MSGSEND = YES;
				ENABLE_TESTABILITY = YES;
				GCC_C_LANGUAGE_STANDARD = gnu11;
				GCC_DYNAMIC_NO_PIC = NO;
				GCC_NO_COMMON_BLOCKS = YES;
				GCC_OPTIMIZATION_LEVEL = 0;
				GCC_PREPROCESSOR_DEFINITIONS = (
					"DEBUG=1",
					"$(inherited)",
				);
				GCC_WARN_64_TO_32_BIT_CONVERSION = YES;
				GCC_WARN_ABOUT_RETURN_TYPE = YES_ERROR;
				GCC_WARN_UNDECLARED_SELECTOR = YES;
				GCC_WARN_UNINITIALIZED_AUTOS = YES_AGGRESSIVE;
				GCC_WARN_UNUSED_FUNCTION = YES;
				GCC_WARN_UNUSED_VARIABLE = YES;
				IPHONEOS_DEPLOYMENT_TARGET = 12.2;
				MTL_ENABLE_DEBUG_INFO = INCLUDE_SOURCE;
				MTL_FAST_MATH = YES;
				ONLY_ACTIVE_ARCH = YES;
				SDKROOT = iphoneos;
				SWIFT_ACTIVE_COMPILATION_CONDITIONS = DEBUG;
				SWIFT_OPTIMIZATION_LEVEL = "-Onone";
			};
			name = Debug;
		};
		3E477700261A944E002AA368 /* Release */ = {
			isa = XCBuildConfiguration;
			buildSettings = {
				ALWAYS_SEARCH_USER_PATHS = NO;
				CLANG_ANALYZER_NONNULL = YES;
				CLANG_ANALYZER_NUMBER_OBJECT_CONVERSION = YES_AGGRESSIVE;
				CLANG_CXX_LANGUAGE_STANDARD = "gnu++14";
				CLANG_CXX_LIBRARY = "libc++";
				CLANG_ENABLE_MODULES = YES;
				CLANG_ENABLE_OBJC_ARC = YES;
				CLANG_ENABLE_OBJC_WEAK = YES;
				CLANG_WARN_BLOCK_CAPTURE_AUTORELEASING = YES;
				CLANG_WARN_BOOL_CONVERSION = YES;
				CLANG_WARN_COMMA = YES;
				CLANG_WARN_CONSTANT_CONVERSION = YES;
				CLANG_WARN_DEPRECATED_OBJC_IMPLEMENTATIONS = YES;
				CLANG_WARN_DIRECT_OBJC_ISA_USAGE = YES_ERROR;
				CLANG_WARN_DOCUMENTATION_COMMENTS = YES;
				CLANG_WARN_EMPTY_BODY = YES;
				CLANG_WARN_ENUM_CONVERSION = YES;
				CLANG_WARN_INFINITE_RECURSION = YES;
				CLANG_WARN_INT_CONVERSION = YES;
				CLANG_WARN_NON_LITERAL_NULL_CONVERSION = YES;
				CLANG_WARN_OBJC_IMPLICIT_RETAIN_SELF = YES;
				CLANG_WARN_OBJC_LITERAL_CONVERSION = YES;
				CLANG_WARN_OBJC_ROOT_CLASS = YES_ERROR;
				CLANG_WARN_RANGE_LOOP_ANALYSIS = YES;
				CLANG_WARN_STRICT_PROTOTYPES = YES;
				CLANG_WARN_SUSPICIOUS_MOVE = YES;
				CLANG_WARN_UNGUARDED_AVAILABILITY = YES_AGGRESSIVE;
				CLANG_WARN_UNREACHABLE_CODE = YES;
				CLANG_WARN__DUPLICATE_METHOD_MATCH = YES;
				CODE_SIGN_IDENTITY = "iPhone Developer";
				COPY_PHASE_STRIP = NO;
				DEBUG_INFORMATION_FORMAT = "dwarf-with-dsym";
				ENABLE_NS_ASSERTIONS = NO;
				ENABLE_STRICT_OBJC_MSGSEND = YES;
				GCC_C_LANGUAGE_STANDARD = gnu11;
				GCC_NO_COMMON_BLOCKS = YES;
				GCC_WARN_64_TO_32_BIT_CONVERSION = YES;
				GCC_WARN_ABOUT_RETURN_TYPE = YES_ERROR;
				GCC_WARN_UNDECLARED_SELECTOR = YES;
				GCC_WARN_UNINITIALIZED_AUTOS = YES_AGGRESSIVE;
				GCC_WARN_UNUSED_FUNCTION = YES;
				GCC_WARN_UNUSED_VARIABLE = YES;
				IPHONEOS_DEPLOYMENT_TARGET = 12.2;
				MTL_ENABLE_DEBUG_INFO = NO;
				MTL_FAST_MATH = YES;
				SDKROOT = iphoneos;
				SWIFT_COMPILATION_MODE = wholemodule;
				SWIFT_OPTIMIZATION_LEVEL = "-O";
				VALIDATE_PRODUCT = YES;
			};
			name = Release;
		};
		3E477702261A944E002AA368 /* Debug */ = {
			isa = XCBuildConfiguration;
			baseConfigurationReference = 0FDE699DE0D5EC4C949601A4 /* Pods-SmartGarden.debug.xcconfig */;
			buildSettings = {
				ASSETCATALOG_COMPILER_APPICON_NAME = AppIcon;
				CODE_SIGN_STYLE = Automatic;
				INFOPLIST_FILE = SmartGarden/Info.plist;
				LD_RUNPATH_SEARCH_PATHS = (
					"$(inherited)",
					"@executable_path/Frameworks",
				);
				PRODUCT_BUNDLE_IDENTIFIER = "E-Nexus.SmartGarden";
				PRODUCT_NAME = "$(TARGET_NAME)";
				SWIFT_VERSION = 5.0;
				TARGETED_DEVICE_FAMILY = "1,2";
			};
			name = Debug;
		};
		3E477703261A944E002AA368 /* Release */ = {
			isa = XCBuildConfiguration;
			baseConfigurationReference = 82C85564B9DE6D99019502DA /* Pods-SmartGarden.release.xcconfig */;
			buildSettings = {
				ASSETCATALOG_COMPILER_APPICON_NAME = AppIcon;
				CODE_SIGN_STYLE = Automatic;
				INFOPLIST_FILE = SmartGarden/Info.plist;
				LD_RUNPATH_SEARCH_PATHS = (
					"$(inherited)",
					"@executable_path/Frameworks",
				);
				PRODUCT_BUNDLE_IDENTIFIER = "E-Nexus.SmartGarden";
				PRODUCT_NAME = "$(TARGET_NAME)";
				SWIFT_VERSION = 5.0;
				TARGETED_DEVICE_FAMILY = "1,2";
			};
			name = Release;
		};
		3E477705261A944E002AA368 /* Debug */ = {
			isa = XCBuildConfiguration;
			buildSettings = {
				ALWAYS_EMBED_SWIFT_STANDARD_LIBRARIES = YES;
				BUNDLE_LOADER = "$(TEST_HOST)";
				CODE_SIGN_STYLE = Automatic;
				INFOPLIST_FILE = SmartGardenTests/Info.plist;
				LD_RUNPATH_SEARCH_PATHS = (
					"$(inherited)",
					"@executable_path/Frameworks",
					"@loader_path/Frameworks",
				);
				PRODUCT_BUNDLE_IDENTIFIER = "E-Nexus.SmartGardenTests";
				PRODUCT_NAME = "$(TARGET_NAME)";
				SWIFT_VERSION = 5.0;
				TARGETED_DEVICE_FAMILY = "1,2";
				TEST_HOST = "$(BUILT_PRODUCTS_DIR)/SmartGarden.app/SmartGarden";
			};
			name = Debug;
		};
		3E477706261A944E002AA368 /* Release */ = {
			isa = XCBuildConfiguration;
			buildSettings = {
				ALWAYS_EMBED_SWIFT_STANDARD_LIBRARIES = YES;
				BUNDLE_LOADER = "$(TEST_HOST)";
				CODE_SIGN_STYLE = Automatic;
				INFOPLIST_FILE = SmartGardenTests/Info.plist;
				LD_RUNPATH_SEARCH_PATHS = (
					"$(inherited)",
					"@executable_path/Frameworks",
					"@loader_path/Frameworks",
				);
				PRODUCT_BUNDLE_IDENTIFIER = "E-Nexus.SmartGardenTests";
				PRODUCT_NAME = "$(TARGET_NAME)";
				SWIFT_VERSION = 5.0;
				TARGETED_DEVICE_FAMILY = "1,2";
				TEST_HOST = "$(BUILT_PRODUCTS_DIR)/SmartGarden.app/SmartGarden";
			};
			name = Release;
		};
		3E477708261A944E002AA368 /* Debug */ = {
			isa = XCBuildConfiguration;
			buildSettings = {
				ALWAYS_EMBED_SWIFT_STANDARD_LIBRARIES = YES;
				CODE_SIGN_STYLE = Automatic;
				INFOPLIST_FILE = SmartGardenUITests/Info.plist;
				LD_RUNPATH_SEARCH_PATHS = (
					"$(inherited)",
					"@executable_path/Frameworks",
					"@loader_path/Frameworks",
				);
				PRODUCT_BUNDLE_IDENTIFIER = "E-Nexus.SmartGardenUITests";
				PRODUCT_NAME = "$(TARGET_NAME)";
				SWIFT_VERSION = 5.0;
				TARGETED_DEVICE_FAMILY = "1,2";
				TEST_TARGET_NAME = SmartGarden;
			};
			name = Debug;
		};
		3E477709261A944E002AA368 /* Release */ = {
			isa = XCBuildConfiguration;
			buildSettings = {
				ALWAYS_EMBED_SWIFT_STANDARD_LIBRARIES = YES;
				CODE_SIGN_STYLE = Automatic;
				INFOPLIST_FILE = SmartGardenUITests/Info.plist;
				LD_RUNPATH_SEARCH_PATHS = (
					"$(inherited)",
					"@executable_path/Frameworks",
					"@loader_path/Frameworks",
				);
				PRODUCT_BUNDLE_IDENTIFIER = "E-Nexus.SmartGardenUITests";
				PRODUCT_NAME = "$(TARGET_NAME)";
				SWIFT_VERSION = 5.0;
				TARGETED_DEVICE_FAMILY = "1,2";
				TEST_TARGET_NAME = SmartGarden;
			};
			name = Release;
		};
/* End XCBuildConfiguration section */

/* Begin XCConfigurationList section */
		3E4776D4261A944A002AA368 /* Build configuration list for PBXProject "SmartGarden" */ = {
			isa = XCConfigurationList;
			buildConfigurations = (
				3E4776FF261A944E002AA368 /* Debug */,
				3E477700261A944E002AA368 /* Release */,
			);
			defaultConfigurationIsVisible = 0;
			defaultConfigurationName = Release;
		};
		3E477701261A944E002AA368 /* Build configuration list for PBXNativeTarget "SmartGarden" */ = {
			isa = XCConfigurationList;
			buildConfigurations = (
				3E477702261A944E002AA368 /* Debug */,
				3E477703261A944E002AA368 /* Release */,
			);
			defaultConfigurationIsVisible = 0;
			defaultConfigurationName = Release;
		};
		3E477704261A944E002AA368 /* Build configuration list for PBXNativeTarget "SmartGardenTests" */ = {
			isa = XCConfigurationList;
			buildConfigurations = (
				3E477705261A944E002AA368 /* Debug */,
				3E477706261A944E002AA368 /* Release */,
			);
			defaultConfigurationIsVisible = 0;
			defaultConfigurationName = Release;
		};
		3E477707261A944E002AA368 /* Build configuration list for PBXNativeTarget "SmartGardenUITests" */ = {
			isa = XCConfigurationList;
			buildConfigurations = (
				3E477708261A944E002AA368 /* Debug */,
				3E477709261A944E002AA368 /* Release */,
			);
			defaultConfigurationIsVisible = 0;
			defaultConfigurationName = Release;
		};
/* End XCConfigurationList section */
	};
	rootObject = 3E4776D1261A944A002AA368 /* Project object */;
}
